{
    "requires": true,
    "lockfileVersion": 1,
    "dependencies": {
        "bootstrap-select": {
            "version": "1.13.9",
            "resolved": "https://registry.npmjs.org/bootstrap-select/-/bootstrap-select-1.13.9.tgz",
            "integrity": "sha512-5k+FQP2BmV/Sde4eLZa0LWARXAfC/bAO6cRByiSEpVr7BEMzc6FzC4ca5d28Y00Vmu2a+3kGqMweGz0Hm8/47w=="
        }
    }
}
